# yaml-language-server: $schema=https://json.schemastore.org/github-workflow.json
name: update-flake-lock

on:
  workflow_dispatch:
  schedule:
    - cron: 0 0 * * 1 # Runs at 00:00 on Monday UTC

jobs:
  lockfile:
    runs-on: ubuntu-latest
    steps:
      - name: ⤵️ Checkout repository
        uses: actions/checkout@08c6903cd8c0fde910a37f88322edcfb5dd907a8 # v5

      - name: 🏗️ Install Determinate Nix
        uses: DeterminateSystems/nix-installer-action@786fff0690178f1234e4e1fe9b536e94f5433196 # v20

      - name: 🏗️ Setup Cache
        uses: DeterminateSystems/magic-nix-cache-action@565684385bcd71bad329742eefe8d12f2e765b39 # v13

      - name: 🔄 Update flake.lock
        uses: DeterminateSystems/update-flake-lock@c5930b397a673a70ca70be06020e943aeac310a1 # v27
        with:
          pr-title: Update flake.lock
          pr-labels: |
            dependencies
            automated
