name: update-flake-lock

on:
  workflow_dispatch:
  schedule:
    - cron: "0 0 * * 1" # Runs at 00:00 on Monday UTC

jobs:
  lockfile:
    runs-on: ubuntu-latest
    steps:
      - name: ⤵️ Checkout repository
        uses: actions/checkout@v4

      - name: 🏗️ Setup Cache
        uses: DeterminateSystems/magic-nix-cache-action@v12

      - name: 🏗️ Install Determinate Nix
        uses: DeterminateSystems/nix-installer-action@v19

      - name: 🔄 Update flake.lock
        uses: DeterminateSystems/update-flake-lock@v26
        with:
          pr-title: "Update flake.lock"
          pr-labels: |
            dependencies
            automated
